{
  "version": 4,
  "terraform_version": "1.4.6",
  "serial": 12,
  "lineage": "2a2b5fd3-7dbe-3b01-d9a0-22950d218f2b",
  "outputs": {},
  "resources": [
    {
      "mode": "managed",
      "type": "aws_ssm_parameter",
      "name": "terraform-training",
      "provider": "provider[\"registry.terraform.io/hashicorp/aws\"]",
      "instances": [
        {
          "index_key": "parameter-one",
          "schema_version": 0,
          "attributes": {
            "allowed_pattern": "",
            "arn": "arn:aws:ssm:us-east-1:897573393387:parameter/parametro/1",
            "data_type": "text",
            "description": "",
            "id": "/parametro/1",
            "key_id": "",
            "name": "/parametro/1",
            "overwrite": null,
            "tags": null,
            "tags_all": {
              "managed-by": "terraform",
              "owner": "renato.moschetta-souza"
            },
            "tier": "Standard",
            "type": "String",
            "value": "md5",
            "version": 1
          },
          "sensitive_attributes": [],
          "private": "bnVsbA=="
        },
        {
          "index_key": "parameter-three",
          "schema_version": 0,
          "attributes": {
            "allowed_pattern": "",
            "arn": "arn:aws:ssm:us-east-1:897573393387:parameter/parametro/3",
            "data_type": "text",
            "description": "",
            "id": "/parametro/3",
            "key_id": "",
            "name": "/parametro/3",
            "overwrite": null,
            "tags": null,
            "tags_all": {
              "managed-by": "terraform",
              "owner": "renato.moschetta-souza"
            },
            "tier": "Standard",
            "type": "String",
            "value": "base64",
            "version": 1
          },
          "sensitive_attributes": [],
          "private": "bnVsbA=="
        },
        {
          "index_key": "parameter-two",
          "schema_version": 0,
          "attributes": {
            "allowed_pattern": "",
            "arn": "arn:aws:ssm:us-east-1:897573393387:parameter/parametro/2",
            "data_type": "text",
            "description": "",
            "id": "/parametro/2",
            "key_id": "",
            "name": "/parametro/2",
            "overwrite": null,
            "tags": null,
            "tags_all": {
              "managed-by": "terraform",
              "owner": "renato.moschetta-souza"
            },
            "tier": "Standard",
            "type": "String",
            "value": "sha256",
            "version": 1
          },
          "sensitive_attributes": [],
          "private": "bnVsbA=="
        }
      ]
    }
  ],
  "check_results": null
}
